
Microsoft Visual Studio Solution File, Format Version 10.00
# Visual Studio 2008
Project("{8BC9CEB8-8B4A-11D0-8D11-00A0C91BC942}") = "aliqueit", "aliqueit\aliqueit.vcproj", "{D6DB42E0-0909-46AE-A00A-01DC64CC9F38}"
EndProject
Project("{2150E333-8FDC-42A3-9474-1A3956D46DE8}") = "Solution Items", "Solution Items", "{28E23C25-B717-43FC-8B29-A72DCD27E1EB}"
	ProjectSection(SolutionItems) = preProject
		aliqueit.txt = aliqueit.txt
		whatsnew.txt = whatsnew.txt
	EndProjectSection
EndProject
Global
	GlobalSection(SolutionConfigurationPlatforms) = preSolution
		Debug|Win32 = Debug|Win32
		Debug|x64 = Debug|x64
		Release|Win32 = Release|Win32
		Release|x64 = Release|x64
	EndGlobalSection
	GlobalSection(ProjectConfigurationPlatforms) = postSolution
		{D6DB42E0-0909-46AE-A00A-01DC64CC9F38}.Debug|Win32.ActiveCfg = Debug|Win32
		{D6DB42E0-0909-46AE-A00A-01DC64CC9F38}.Debug|Win32.Build.0 = Debug|Win32
		{D6DB42E0-0909-46AE-A00A-01DC64CC9F38}.Debug|x64.ActiveCfg = Debug|x64
		{D6DB42E0-0909-46AE-A00A-01DC64CC9F38}.Debug|x64.Build.0 = Debug|x64
		{D6DB42E0-0909-46AE-A00A-01DC64CC9F38}.Release|Win32.ActiveCfg = Release|Win32
		{D6DB42E0-0909-46AE-A00A-01DC64CC9F38}.Release|Win32.Build.0 = Release|Win32
		{D6DB42E0-0909-46AE-A00A-01DC64CC9F38}.Release|x64.ActiveCfg = Release|x64
		{D6DB42E0-0909-46AE-A00A-01DC64CC9F38}.Release|x64.Build.0 = Release|x64
	EndGlobalSection
	GlobalSection(SolutionProperties) = preSolution
		HideSolutionNode = FALSE
	EndGlobalSection
EndGlobal
